
Microsoft Visual Studio Solution File, Format Version 12.00
# Visual Studio 15
VisualStudioVersion = 15.0.28307.705
MinimumVisualStudioVersion = 10.0.40219.1
Project("{FAE04EC0-301F-11D3-BF4B-00C04F79EFBC}") = "SP", "SP\SP.csproj", "{542BFDCD-44DC-4CEB-BFB5-B16BFAA6B0D2}"
EndProject
Project("{FAE04EC0-301F-11D3-BF4B-00C04F79EFBC}") = "SP.Tests", "SP.Tests\SP.Tests.csproj", "{C673097E-7081-4D19-9E1D-6854267A9475}"
EndProject
Global
	GlobalSection(SolutionConfigurationPlatforms) = preSolution
		Debug|Any CPU = Debug|Any CPU
		Release|Any CPU = Release|Any CPU
	EndGlobalSection
	GlobalSection(ProjectConfigurationPlatforms) = postSolution
		{542BFDCD-44DC-4CEB-BFB5-B16BFAA6B0D2}.Debug|Any CPU.ActiveCfg = Debug|Any CPU
		{542BFDCD-44DC-4CEB-BFB5-B16BFAA6B0D2}.Debug|Any CPU.Build.0 = Debug|Any CPU
		{542BFDCD-44DC-4CEB-BFB5-B16BFAA6B0D2}.Release|Any CPU.ActiveCfg = Release|Any CPU
		{542BFDCD-44DC-4CEB-BFB5-B16BFAA6B0D2}.Release|Any CPU.Build.0 = Release|Any CPU
		{C673097E-7081-4D19-9E1D-6854267A9475}.Debug|Any CPU.ActiveCfg = Debug|Any CPU
		{C673097E-7081-4D19-9E1D-6854267A9475}.Debug|Any CPU.Build.0 = Debug|Any CPU
		{C673097E-7081-4D19-9E1D-6854267A9475}.Release|Any CPU.ActiveCfg = Release|Any CPU
		{C673097E-7081-4D19-9E1D-6854267A9475}.Release|Any CPU.Build.0 = Release|Any CPU
	EndGlobalSection
	GlobalSection(SolutionProperties) = preSolution
		HideSolutionNode = FALSE
	EndGlobalSection
	GlobalSection(ExtensibilityGlobals) = postSolution
		SolutionGuid = {96099E5B-1A49-4CF9-9AE9-C2876FE0A247}
	EndGlobalSection
EndGlobal
